
Microsoft Visual Studio Solution File, Format Version 12.00
# Visual Studio Version 17
VisualStudioVersion = 17.9.34714.143
MinimumVisualStudioVersion = 10.0.40219.1
Project("{FAE04EC0-301F-11D3-BF4B-00C04F79EFBC}") = "Şifre Yaratıcı", "Şifre Yaratıcı\Şifre Yaratıcı.csproj", "{B8E64D24-C326-467E-8DF3-304557530420}"
EndProject
Global
	GlobalSection(SolutionConfigurationPlatforms) = preSolution
		Debug|Any CPU = Debug|Any CPU
		Release|Any CPU = Release|Any CPU
	EndGlobalSection
	GlobalSection(ProjectConfigurationPlatforms) = postSolution
		{B8E64D24-C326-467E-8DF3-304557530420}.Debug|Any CPU.ActiveCfg = Debug|Any CPU
		{B8E64D24-C326-467E-8DF3-304557530420}.Debug|Any CPU.Build.0 = Debug|Any CPU
		{B8E64D24-C326-467E-8DF3-304557530420}.Release|Any CPU.ActiveCfg = Release|Any CPU
		{B8E64D24-C326-467E-8DF3-304557530420}.Release|Any CPU.Build.0 = Release|Any CPU
	EndGlobalSection
	GlobalSection(SolutionProperties) = preSolution
		HideSolutionNode = FALSE
	EndGlobalSection
	GlobalSection(ExtensibilityGlobals) = postSolution
		SolutionGuid = {DEAC46B4-2267-4AFC-9AAF-A930D7B2277A}
	EndGlobalSection
EndGlobal
